{
  "name": "lepikjs",
  "version": "1.2.7",
  "lockfileVersion": 2,
  "requires": true,
  "packages": {
    "": {
      "name": "lepikjs",
      "version": "1.2.7",
      "hasInstallScript": true,
      "license": "MIT",
      "dependencies": {
        "eventemitter2": "^6.4.5",
        "lepikevents": "^1.5.1"
      }
    },
    "node_modules/eventemitter2": {
      "version": "6.4.5",
      "resolved": "https://registry.npmjs.org/eventemitter2/-/eventemitter2-6.4.5.tgz",
      "integrity": "sha512-bXE7Dyc1i6oQElDG0jMRZJrRAn9QR2xyyFGmBdZleNmyQX0FqGYmhZIrIrpPfm/w//LTo4tVQGOGQcGCb5q9uw=="
    },
    "node_modules/lepikevents": {
      "version": "1.5.1",
      "resolved": "https://registry.npmjs.org/lepikevents/-/lepikevents-1.5.1.tgz",
      "integrity": "sha512-27RIiGvvJNA4wJ+QvDoUWWn3Rx3jTyMd4J/E9Ss7YI1AggbcLYd+ZkSztBl61p38R/5oS7fDf3jA0uKj8AmABQ==",
      "hasInstallScript": true,
      "dependencies": {
        "eventemitter2": "^6.4.5"
      }
    }
  },
  "dependencies": {
    "eventemitter2": {
      "version": "6.4.5",
      "resolved": "https://registry.npmjs.org/eventemitter2/-/eventemitter2-6.4.5.tgz",
      "integrity": "sha512-bXE7Dyc1i6oQElDG0jMRZJrRAn9QR2xyyFGmBdZleNmyQX0FqGYmhZIrIrpPfm/w//LTo4tVQGOGQcGCb5q9uw=="
    },
    "lepikevents": {
      "version": "1.5.1",
      "resolved": "https://registry.npmjs.org/lepikevents/-/lepikevents-1.5.1.tgz",
      "integrity": "sha512-27RIiGvvJNA4wJ+QvDoUWWn3Rx3jTyMd4J/E9Ss7YI1AggbcLYd+ZkSztBl61p38R/5oS7fDf3jA0uKj8AmABQ==",
      "requires": {
        "eventemitter2": "^6.4.5"
      }
    }
  }
}
