{
  "name": "lepikjs",
  "version": "1.0.2",
  "lockfileVersion": 2,
  "requires": true,
  "packages": {
    "": {
      "name": "lepikjs",
      "version": "1.0.2",
      "license": "MIT",
      "dependencies": {
        "eventemitter2": "^6.4.5",
        "lepikevents": "^1.0.8"
      }
    },
    "node_modules/eventemitter2": {
      "version": "6.4.5",
      "resolved": "https://registry.npmjs.org/eventemitter2/-/eventemitter2-6.4.5.tgz",
      "integrity": "sha512-bXE7Dyc1i6oQElDG0jMRZJrRAn9QR2xyyFGmBdZleNmyQX0FqGYmhZIrIrpPfm/w//LTo4tVQGOGQcGCb5q9uw=="
    },
    "node_modules/lepikevents": {
      "version": "1.0.8",
      "resolved": "https://registry.npmjs.org/lepikevents/-/lepikevents-1.0.8.tgz",
      "integrity": "sha512-werr6svrhp4ZRRGQp6a8hMXFTKwAWkjwyfY2tHMBiIIfW9QKKuqbT0NSAerX7eQQQvTS4FslYIANCpdB3GlK5A==",
      "dependencies": {
        "eventemitter2": "^6.4.5"
      }
    }
  },
  "dependencies": {
    "eventemitter2": {
      "version": "6.4.5",
      "resolved": "https://registry.npmjs.org/eventemitter2/-/eventemitter2-6.4.5.tgz",
      "integrity": "sha512-bXE7Dyc1i6oQElDG0jMRZJrRAn9QR2xyyFGmBdZleNmyQX0FqGYmhZIrIrpPfm/w//LTo4tVQGOGQcGCb5q9uw=="
    },
    "lepikevents": {
      "version": "1.0.8",
      "resolved": "https://registry.npmjs.org/lepikevents/-/lepikevents-1.0.8.tgz",
      "integrity": "sha512-werr6svrhp4ZRRGQp6a8hMXFTKwAWkjwyfY2tHMBiIIfW9QKKuqbT0NSAerX7eQQQvTS4FslYIANCpdB3GlK5A==",
      "requires": {
        "eventemitter2": "^6.4.5"
      }
    }
  }
}
