{
  "name": "lepikjs",
  "version": "1.6.1",
  "lockfileVersion": 2,
  "requires": true,
  "packages": {
    "": {
      "name": "lepikjs",
      "version": "1.6.1",
      "hasInstallScript": true,
      "license": "MIT",
      "dependencies": {
        "eventemitter2": "^6.4.5",
        "lepikevents": "^1.7.2"
      }
    },
    "node_modules/eventemitter2": {
      "version": "6.4.5",
      "resolved": "https://registry.npmjs.org/eventemitter2/-/eventemitter2-6.4.5.tgz",
      "integrity": "sha512-bXE7Dyc1i6oQElDG0jMRZJrRAn9QR2xyyFGmBdZleNmyQX0FqGYmhZIrIrpPfm/w//LTo4tVQGOGQcGCb5q9uw=="
    },
    "node_modules/lepikevents": {
      "version": "1.7.2",
      "resolved": "https://registry.npmjs.org/lepikevents/-/lepikevents-1.7.2.tgz",
      "integrity": "sha512-xYQTM76R42cy+RI7+Ox5U+8agXgPFEkNx6WYTmwX5QZi+7KHtTYFOMfsgAmC85OdFOkqRvYJm5/ey2u0RUBUvQ==",
      "hasInstallScript": true,
      "dependencies": {
        "eventemitter2": "^6.4.5"
      }
    }
  },
  "dependencies": {
    "eventemitter2": {
      "version": "6.4.5",
      "resolved": "https://registry.npmjs.org/eventemitter2/-/eventemitter2-6.4.5.tgz",
      "integrity": "sha512-bXE7Dyc1i6oQElDG0jMRZJrRAn9QR2xyyFGmBdZleNmyQX0FqGYmhZIrIrpPfm/w//LTo4tVQGOGQcGCb5q9uw=="
    },
    "lepikevents": {
      "version": "1.7.2",
      "resolved": "https://registry.npmjs.org/lepikevents/-/lepikevents-1.7.2.tgz",
      "integrity": "sha512-xYQTM76R42cy+RI7+Ox5U+8agXgPFEkNx6WYTmwX5QZi+7KHtTYFOMfsgAmC85OdFOkqRvYJm5/ey2u0RUBUvQ==",
      "requires": {
        "eventemitter2": "^6.4.5"
      }
    }
  }
}
